
Microsoft Visual Studio Solution File, Format Version 12.00
# Visual Studio Version 17
VisualStudioVersion = 17.11.35303.130
MinimumVisualStudioVersion = 10.0.40219.1
Project("{9A19103F-16F7-4668-BE54-9A1E7A4F7556}") = "FinanceTrackingApp", "FinanceTrackingApp\FinanceTrackingApp.csproj", "{03349442-F212-4320-A098-E01E70C078FF}"
	ProjectSection(ProjectDependencies) = postProject
		{7A941B62-F51A-4ED5-A323-8549BE0D2505} = {7A941B62-F51A-4ED5-A323-8549BE0D2505}
	EndProjectSection
EndProject
Project("{FAE04EC0-301F-11D3-BF4B-00C04F79EFBC}") = "DataLayer", "DataLayer\DataLayer.csproj", "{B7B24C8A-68A4-46F4-9085-46F4AD630090}"
EndProject
Project("{FAE04EC0-301F-11D3-BF4B-00C04F79EFBC}") = "ServiceLayer", "ServiceLayer\ServiceLayer.csproj", "{7A941B62-F51A-4ED5-A323-8549BE0D2505}"
EndProject
Global
	GlobalSection(SolutionConfigurationPlatforms) = preSolution
		Debug|Any CPU = Debug|Any CPU
		Release|Any CPU = Release|Any CPU
	EndGlobalSection
	GlobalSection(ProjectConfigurationPlatforms) = postSolution
		{03349442-F212-4320-A098-E01E70C078FF}.Debug|Any CPU.ActiveCfg = Debug|Any CPU
		{03349442-F212-4320-A098-E01E70C078FF}.Debug|Any CPU.Build.0 = Debug|Any CPU
		{03349442-F212-4320-A098-E01E70C078FF}.Release|Any CPU.ActiveCfg = Release|Any CPU
		{03349442-F212-4320-A098-E01E70C078FF}.Release|Any CPU.Build.0 = Release|Any CPU
		{B7B24C8A-68A4-46F4-9085-46F4AD630090}.Debug|Any CPU.ActiveCfg = Debug|Any CPU
		{B7B24C8A-68A4-46F4-9085-46F4AD630090}.Debug|Any CPU.Build.0 = Debug|Any CPU
		{B7B24C8A-68A4-46F4-9085-46F4AD630090}.Release|Any CPU.ActiveCfg = Release|Any CPU
		{B7B24C8A-68A4-46F4-9085-46F4AD630090}.Release|Any CPU.Build.0 = Release|Any CPU
		{7A941B62-F51A-4ED5-A323-8549BE0D2505}.Debug|Any CPU.ActiveCfg = Debug|Any CPU
		{7A941B62-F51A-4ED5-A323-8549BE0D2505}.Debug|Any CPU.Build.0 = Debug|Any CPU
		{7A941B62-F51A-4ED5-A323-8549BE0D2505}.Release|Any CPU.ActiveCfg = Release|Any CPU
		{7A941B62-F51A-4ED5-A323-8549BE0D2505}.Release|Any CPU.Build.0 = Release|Any CPU
	EndGlobalSection
	GlobalSection(SolutionProperties) = preSolution
		HideSolutionNode = FALSE
	EndGlobalSection
	GlobalSection(ExtensibilityGlobals) = postSolution
		SolutionGuid = {1F0C8768-385F-43CD-A156-55A6501EF112}
	EndGlobalSection
EndGlobal
